PODS:
  - Firebase/Auth (10.2.0):
    - Firebase/CoreOnly
    - FirebaseAuth (~> 10.2.0)
  - Firebase/CoreOnly (10.2.0):
    - FirebaseCore (= 10.2.0)
  - Firebase/Database (10.2.0):
    - Firebase/CoreOnly
    - FirebaseDatabase (~> 10.2.0)
  - firebase_auth (4.1.0):
    - Firebase/Auth (= 10.2.0)
    - firebase_core
    - Flutter
  - firebase_core (2.3.0):
    - Firebase/CoreOnly (= 10.2.0)
    - Flutter
  - firebase_database (10.0.3):
    - Firebase/Database (= 10.2.0)
    - firebase_core
    - Flutter
  - FirebaseAuth (10.2.0):
    - FirebaseCore (~> 10.0)
    - GoogleUtilities/AppDelegateSwizzler (~> 7.8)
    - GoogleUtilities/Environment (~> 7.8)
    - GTMSessionFetcher/Core (< 4.0, >= 2.1)
  - FirebaseCore (10.2.0):
    - FirebaseCoreInternal (~> 10.0)
    - GoogleUtilities/Environment (~> 7.8)
    - GoogleUtilities/Logger (~> 7.8)
  - FirebaseCoreInternal (10.2.0):
    - "GoogleUtilities/NSData+zlib (~> 7.8)"
  - FirebaseDatabase (10.2.0):
    - FirebaseCore (~> 10.0)
    - leveldb-library (~> 1.22)
  - Flutter (1.0.0)
  - flutter_geofire (0.0.1):
    - Flutter
    - GeoFire (~> 4.0)
  - flutter_phone_direct_caller (0.0.1):
    - Flutter
  - fluttertoast (0.0.2):
    - Flutter
    - Toast
  - GeoFire (4.3.0):
    - GeoFire/Database (= 4.3.0)
  - GeoFire/Database (4.3.0):
    - Firebase/Database (~> 10.1)
    - GeoFire/Utils
  - GeoFire/Utils (4.3.0)
  - geolocator_apple (1.2.0):
    - Flutter
  - google_maps_flutter_ios (0.0.1):
    - Flutter
    - GoogleMaps
  - GoogleMaps (5.2.0):
    - GoogleMaps/Maps (= 5.2.0)
  - GoogleMaps/Base (5.2.0)
  - GoogleMaps/Maps (5.2.0):
    - GoogleMaps/Base
  - GoogleUtilities/AppDelegateSwizzler (7.10.0):
    - GoogleUtilities/Environment
    - GoogleUtilities/Logger
    - GoogleUtilities/Network
  - GoogleUtilities/Environment (7.10.0):
    - PromisesObjC (< 3.0, >= 1.2)
  - GoogleUtilities/Logger (7.10.0):
    - GoogleUtilities/Environment
  - GoogleUtilities/Network (7.10.0):
    - GoogleUtilities/Logger
    - "GoogleUtilities/NSData+zlib"
    - GoogleUtilities/Reachability
  - "GoogleUtilities/NSData+zlib (7.10.0)"
  - GoogleUtilities/Reachability (7.10.0):
    - GoogleUtilities/Logger
  - GTMSessionFetcher/Core (3.0.0)
  - leveldb-library (1.22.1)
  - permission_handler_apple (9.0.4):
    - Flutter
  - PromisesObjC (2.1.1)
  - Toast (4.0.0)
  - url_launcher_ios (0.0.1):
    - Flutter

DEPENDENCIES:
  - firebase_auth (from `.symlinks/plugins/firebase_auth/ios`)
  - firebase_core (from `.symlinks/plugins/firebase_core/ios`)
  - firebase_database (from `.symlinks/plugins/firebase_database/ios`)
  - Flutter (from `Flutter`)
  - flutter_geofire (from `.symlinks/plugins/flutter_geofire/ios`)
  - flutter_phone_direct_caller (from `.symlinks/plugins/flutter_phone_direct_caller/ios`)
  - fluttertoast (from `.symlinks/plugins/fluttertoast/ios`)
  - GeoFire (from `https://github.com/mrdishant/geofire-objc`)
  - geolocator_apple (from `.symlinks/plugins/geolocator_apple/ios`)
  - google_maps_flutter_ios (from `.symlinks/plugins/google_maps_flutter_ios/ios`)
  - permission_handler_apple (from `.symlinks/plugins/permission_handler_apple/ios`)
  - url_launcher_ios (from `.symlinks/plugins/url_launcher_ios/ios`)

SPEC REPOS:
  trunk:
    - Firebase
    - FirebaseAuth
    - FirebaseCore
    - FirebaseCoreInternal
    - FirebaseDatabase
    - GoogleMaps
    - GoogleUtilities
    - GTMSessionFetcher
    - leveldb-library
    - PromisesObjC
    - Toast

EXTERNAL SOURCES:
  firebase_auth:
    :path: ".symlinks/plugins/firebase_auth/ios"
  firebase_core:
    :path: ".symlinks/plugins/firebase_core/ios"
  firebase_database:
    :path: ".symlinks/plugins/firebase_database/ios"
  Flutter:
    :path: Flutter
  flutter_geofire:
    :path: ".symlinks/plugins/flutter_geofire/ios"
  flutter_phone_direct_caller:
    :path: ".symlinks/plugins/flutter_phone_direct_caller/ios"
  fluttertoast:
    :path: ".symlinks/plugins/fluttertoast/ios"
  GeoFire:
    :git: https://github.com/mrdishant/geofire-objc
  geolocator_apple:
    :path: ".symlinks/plugins/geolocator_apple/ios"
  google_maps_flutter_ios:
    :path: ".symlinks/plugins/google_maps_flutter_ios/ios"
  permission_handler_apple:
    :path: ".symlinks/plugins/permission_handler_apple/ios"
  url_launcher_ios:
    :path: ".symlinks/plugins/url_launcher_ios/ios"

CHECKOUT OPTIONS:
  GeoFire:
    :commit: 5054b6cfe35486a23111df37b37df67102243958
    :git: https://github.com/mrdishant/geofire-objc

SPEC CHECKSUMS:
  Firebase: a3ea7eba4382afd83808376edb99acdaff078dcf
  firebase_auth: e2687dc99a5fca73c32edc8f870a71527b11c31f
  firebase_core: db1432de826785171029b7c1a26e5b22ce1dd477
  firebase_database: 100a3f57a1180015893d6bfcfee221f24d4e0639
  FirebaseAuth: 08e7739244eeae5216d0a3f8d9f16a76be9c252e
  FirebaseCore: 813838072b797b64f529f3c2ee35e696e5641dd1
  FirebaseCoreInternal: 091bde13e47bb1c5e9fe397634f3593dc390430f
  FirebaseDatabase: 61b99b5477c29115e9d4006c6b44a8815a3cc3c3
  Flutter: f04841e97a9d0b0a8025694d0796dd46242b2854
  flutter_geofire: 18797208c9042b71a59cb031c42d5670b97aefd1
  flutter_phone_direct_caller: bd2ffd297f371a8a6c7bfbba0196964ffe3c4358
  fluttertoast: 74526702fea2c060ea55dde75895b7e1bde1c86b
  GeoFire: f113536c90f581f89107c31ec1efde1a1cae3115
  geolocator_apple: cc556e6844d508c95df1e87e3ea6fa4e58c50401
  google_maps_flutter_ios: 66201f392bf62d500f07670a30488a247b9bb5b9
  GoogleMaps: 025272d5876d3b32604e5c080dc25eaf68764693
  GoogleUtilities: bad72cb363809015b1f7f19beb1f1cd23c589f95
  GTMSessionFetcher: c1edebe64e9fb4e8f6415d018edf1fd3eac074a1
  leveldb-library: 50c7b45cbd7bf543c81a468fe557a16ae3db8729
  permission_handler_apple: 44366e37eaf29454a1e7b1b7d736c2cceaeb17ce
  PromisesObjC: ab77feca74fa2823e7af4249b8326368e61014cb
  Toast: 91b396c56ee72a5790816f40d3a94dd357abc196
  url_launcher_ios: 839c58cdb4279282219f5e248c3321761ff3c4de

PODFILE CHECKSUM: 6d9ac2a57390824380773a9bc56a4bc795d2fc72

COCOAPODS: 1.11.3
